
Microsoft Visual Studio Solution File, Format Version 12.00
# Visual Studio 15
VisualStudioVersion = 15.0.28307.106
MinimumVisualStudioVersion = 10.0.40219.1
Project("{FAE04EC0-301F-11D3-BF4B-00C04F79EFBC}") = "P01.SortEvenNumbers", "P01.SortEvenNumbers\P01.SortEvenNumbers.csproj", "{DC5D14D8-B617-499D-ACFD-7AFD981F68E9}"
EndProject
Project("{FAE04EC0-301F-11D3-BF4B-00C04F79EFBC}") = "P02.SumNumbers", "P02.SumNumbers\P02.SumNumbers.csproj", "{1FCB082D-7F77-44A0-90E9-044D53DC67BF}"
EndProject
Project("{FAE04EC0-301F-11D3-BF4B-00C04F79EFBC}") = "P03.CountUppercaseWords", "P03.CountUppercaseWords\P03.CountUppercaseWords.csproj", "{93E3FAAE-1A13-42C4-A899-7BA22C3EFF21}"
EndProject
Project("{FAE04EC0-301F-11D3-BF4B-00C04F79EFBC}") = "P04.Add VAT", "P04.Add VAT\P04.Add VAT.csproj", "{7B87461D-66D1-440F-B773-2EF4F251E761}"
EndProject
Project("{FAE04EC0-301F-11D3-BF4B-00C04F79EFBC}") = "P05.FilterByAge", "P05.FilterByAge\P05.FilterByAge.csproj", "{97E55B5C-EB7C-472D-B96F-B9568B4730B8}"
EndProject
Global
	GlobalSection(SolutionConfigurationPlatforms) = preSolution
		Debug|Any CPU = Debug|Any CPU
		Release|Any CPU = Release|Any CPU
	EndGlobalSection
	GlobalSection(ProjectConfigurationPlatforms) = postSolution
		{DC5D14D8-B617-499D-ACFD-7AFD981F68E9}.Debug|Any CPU.ActiveCfg = Debug|Any CPU
		{DC5D14D8-B617-499D-ACFD-7AFD981F68E9}.Debug|Any CPU.Build.0 = Debug|Any CPU
		{DC5D14D8-B617-499D-ACFD-7AFD981F68E9}.Release|Any CPU.ActiveCfg = Release|Any CPU
		{DC5D14D8-B617-499D-ACFD-7AFD981F68E9}.Release|Any CPU.Build.0 = Release|Any CPU
		{1FCB082D-7F77-44A0-90E9-044D53DC67BF}.Debug|Any CPU.ActiveCfg = Debug|Any CPU
		{1FCB082D-7F77-44A0-90E9-044D53DC67BF}.Debug|Any CPU.Build.0 = Debug|Any CPU
		{1FCB082D-7F77-44A0-90E9-044D53DC67BF}.Release|Any CPU.ActiveCfg = Release|Any CPU
		{1FCB082D-7F77-44A0-90E9-044D53DC67BF}.Release|Any CPU.Build.0 = Release|Any CPU
		{93E3FAAE-1A13-42C4-A899-7BA22C3EFF21}.Debug|Any CPU.ActiveCfg = Debug|Any CPU
		{93E3FAAE-1A13-42C4-A899-7BA22C3EFF21}.Debug|Any CPU.Build.0 = Debug|Any CPU
		{93E3FAAE-1A13-42C4-A899-7BA22C3EFF21}.Release|Any CPU.ActiveCfg = Release|Any CPU
		{93E3FAAE-1A13-42C4-A899-7BA22C3EFF21}.Release|Any CPU.Build.0 = Release|Any CPU
		{7B87461D-66D1-440F-B773-2EF4F251E761}.Debug|Any CPU.ActiveCfg = Debug|Any CPU
		{7B87461D-66D1-440F-B773-2EF4F251E761}.Debug|Any CPU.Build.0 = Debug|Any CPU
		{7B87461D-66D1-440F-B773-2EF4F251E761}.Release|Any CPU.ActiveCfg = Release|Any CPU
		{7B87461D-66D1-440F-B773-2EF4F251E761}.Release|Any CPU.Build.0 = Release|Any CPU
		{97E55B5C-EB7C-472D-B96F-B9568B4730B8}.Debug|Any CPU.ActiveCfg = Debug|Any CPU
		{97E55B5C-EB7C-472D-B96F-B9568B4730B8}.Debug|Any CPU.Build.0 = Debug|Any CPU
		{97E55B5C-EB7C-472D-B96F-B9568B4730B8}.Release|Any CPU.ActiveCfg = Release|Any CPU
		{97E55B5C-EB7C-472D-B96F-B9568B4730B8}.Release|Any CPU.Build.0 = Release|Any CPU
	EndGlobalSection
	GlobalSection(SolutionProperties) = preSolution
		HideSolutionNode = FALSE
	EndGlobalSection
	GlobalSection(ExtensibilityGlobals) = postSolution
		SolutionGuid = {AAA48A98-BF21-4BB7-984B-6B5B4652758E}
	EndGlobalSection
EndGlobal
