
Microsoft Visual Studio Solution File, Format Version 12.00
# Visual Studio 15
VisualStudioVersion = 15.0.28307.106
MinimumVisualStudioVersion = 10.0.40219.1
Project("{FAE04EC0-301F-11D3-BF4B-00C04F79EFBC}") = "P01.Box", "P01.Box\P01.Box.csproj", "{C14865F8-BFC7-4845-8CA6-8858FA22B6BB}"
EndProject
Project("{FAE04EC0-301F-11D3-BF4B-00C04F79EFBC}") = "P02.ArrayCreator", "P02.ArrayCreator\P02.ArrayCreator.csproj", "{6A3F322E-81EC-428F-B13C-E3A5C78AA950}"
EndProject
Project("{FAE04EC0-301F-11D3-BF4B-00C04F79EFBC}") = "P03.GenericScale", "P03.GenericScale\P03.GenericScale.csproj", "{FF3CB7AF-B906-4D19-8297-B9E9C412CE25}"
EndProject
Global
	GlobalSection(SolutionConfigurationPlatforms) = preSolution
		Debug|Any CPU = Debug|Any CPU
		Release|Any CPU = Release|Any CPU
	EndGlobalSection
	GlobalSection(ProjectConfigurationPlatforms) = postSolution
		{C14865F8-BFC7-4845-8CA6-8858FA22B6BB}.Debug|Any CPU.ActiveCfg = Debug|Any CPU
		{C14865F8-BFC7-4845-8CA6-8858FA22B6BB}.Debug|Any CPU.Build.0 = Debug|Any CPU
		{C14865F8-BFC7-4845-8CA6-8858FA22B6BB}.Release|Any CPU.ActiveCfg = Release|Any CPU
		{C14865F8-BFC7-4845-8CA6-8858FA22B6BB}.Release|Any CPU.Build.0 = Release|Any CPU
		{6A3F322E-81EC-428F-B13C-E3A5C78AA950}.Debug|Any CPU.ActiveCfg = Debug|Any CPU
		{6A3F322E-81EC-428F-B13C-E3A5C78AA950}.Debug|Any CPU.Build.0 = Debug|Any CPU
		{6A3F322E-81EC-428F-B13C-E3A5C78AA950}.Release|Any CPU.ActiveCfg = Release|Any CPU
		{6A3F322E-81EC-428F-B13C-E3A5C78AA950}.Release|Any CPU.Build.0 = Release|Any CPU
		{FF3CB7AF-B906-4D19-8297-B9E9C412CE25}.Debug|Any CPU.ActiveCfg = Debug|Any CPU
		{FF3CB7AF-B906-4D19-8297-B9E9C412CE25}.Debug|Any CPU.Build.0 = Debug|Any CPU
		{FF3CB7AF-B906-4D19-8297-B9E9C412CE25}.Release|Any CPU.ActiveCfg = Release|Any CPU
		{FF3CB7AF-B906-4D19-8297-B9E9C412CE25}.Release|Any CPU.Build.0 = Release|Any CPU
	EndGlobalSection
	GlobalSection(SolutionProperties) = preSolution
		HideSolutionNode = FALSE
	EndGlobalSection
	GlobalSection(ExtensibilityGlobals) = postSolution
		SolutionGuid = {DE18856E-BAAD-4849-B2D1-B2F888DD4032}
	EndGlobalSection
EndGlobal
