
Microsoft Visual Studio Solution File, Format Version 12.00
# Visual Studio 15
VisualStudioVersion = 15.0.28307.106
MinimumVisualStudioVersion = 10.0.40219.1
Project("{FAE04EC0-301F-11D3-BF4B-00C04F79EFBC}") = "P01.BasicStackOperations", "P01.BasicStackOperations\P01.BasicStackOperations.csproj", "{297DC6DD-0BB6-40E9-9FE5-3B73163225DB}"
EndProject
Project("{FAE04EC0-301F-11D3-BF4B-00C04F79EFBC}") = "P02.BasicQueueOperations", "P02.BasicQueueOperations\P02.BasicQueueOperations.csproj", "{0594B73E-75B1-4BBF-BB7F-BBB4A8E55500}"
EndProject
Project("{FAE04EC0-301F-11D3-BF4B-00C04F79EFBC}") = "P03.MaximumAndMinimumElement", "P03.MaximumAndMinimumElement\P03.MaximumAndMinimumElement.csproj", "{8B23F2EE-470A-45F1-8DEE-CFA464C57879}"
EndProject
Project("{FAE04EC0-301F-11D3-BF4B-00C04F79EFBC}") = "P04.FastFood", "P04.FastFood\P04.FastFood.csproj", "{D663E607-6FF2-43AE-8468-DC852FAEF5B3}"
EndProject
Project("{FAE04EC0-301F-11D3-BF4B-00C04F79EFBC}") = "P05.FashionBoutique", "P05.FashionBoutique\P05.FashionBoutique.csproj", "{8F09C0ED-E1C4-4706-BD16-FC29F3BC60BE}"
EndProject
Project("{FAE04EC0-301F-11D3-BF4B-00C04F79EFBC}") = "P06.AutoRepairAndService", "P06.AutoRepairAndService\P06.AutoRepairAndService.csproj", "{9426A8E4-B1E6-4F86-A959-4C84CBB9593B}"
EndProject
Project("{FAE04EC0-301F-11D3-BF4B-00C04F79EFBC}") = "P07.TruckTour", "P07.TruckTour\P07.TruckTour.csproj", "{836FFF31-A5DE-4A2F-A3CE-67E73D5F39D0}"
EndProject
Project("{FAE04EC0-301F-11D3-BF4B-00C04F79EFBC}") = "P08.BalancedParenthesis", "P08.BalancedParenthesis\P08.BalancedParenthesis.csproj", "{A739958F-19D5-4FE8-9E21-64BD601AECBB}"
EndProject
Project("{FAE04EC0-301F-11D3-BF4B-00C04F79EFBC}") = "P09.SimpleTextEditor", "P09.SimpleTextEditor\P09.SimpleTextEditor.csproj", "{FD8AC04A-BC4D-4FE8-ABA8-95ADEF34D86D}"
EndProject
Project("{FAE04EC0-301F-11D3-BF4B-00C04F79EFBC}") = "P10.Crossroads", "P10.Crossroads\P10.Crossroads.csproj", "{652C3AD2-9954-4759-90A1-59CDF14A6A6A}"
EndProject
Project("{FAE04EC0-301F-11D3-BF4B-00C04F79EFBC}") = "P11.KeyRevolver", "P11.KeyRevolver\P11.KeyRevolver.csproj", "{8C804AE0-B352-4CDB-8CFD-A642B7828BDE}"
EndProject
Project("{FAE04EC0-301F-11D3-BF4B-00C04F79EFBC}") = "P12. Cups and Bottles", "P12. Cups and Bottles\P12. Cups and Bottles.csproj", "{A6B96514-6804-4CB7-8DA5-3D238A2395CC}"
EndProject
Global
	GlobalSection(SolutionConfigurationPlatforms) = preSolution
		Debug|Any CPU = Debug|Any CPU
		Release|Any CPU = Release|Any CPU
	EndGlobalSection
	GlobalSection(ProjectConfigurationPlatforms) = postSolution
		{297DC6DD-0BB6-40E9-9FE5-3B73163225DB}.Debug|Any CPU.ActiveCfg = Debug|Any CPU
		{297DC6DD-0BB6-40E9-9FE5-3B73163225DB}.Debug|Any CPU.Build.0 = Debug|Any CPU
		{297DC6DD-0BB6-40E9-9FE5-3B73163225DB}.Release|Any CPU.ActiveCfg = Release|Any CPU
		{297DC6DD-0BB6-40E9-9FE5-3B73163225DB}.Release|Any CPU.Build.0 = Release|Any CPU
		{0594B73E-75B1-4BBF-BB7F-BBB4A8E55500}.Debug|Any CPU.ActiveCfg = Debug|Any CPU
		{0594B73E-75B1-4BBF-BB7F-BBB4A8E55500}.Debug|Any CPU.Build.0 = Debug|Any CPU
		{0594B73E-75B1-4BBF-BB7F-BBB4A8E55500}.Release|Any CPU.ActiveCfg = Release|Any CPU
		{0594B73E-75B1-4BBF-BB7F-BBB4A8E55500}.Release|Any CPU.Build.0 = Release|Any CPU
		{8B23F2EE-470A-45F1-8DEE-CFA464C57879}.Debug|Any CPU.ActiveCfg = Debug|Any CPU
		{8B23F2EE-470A-45F1-8DEE-CFA464C57879}.Debug|Any CPU.Build.0 = Debug|Any CPU
		{8B23F2EE-470A-45F1-8DEE-CFA464C57879}.Release|Any CPU.ActiveCfg = Release|Any CPU
		{8B23F2EE-470A-45F1-8DEE-CFA464C57879}.Release|Any CPU.Build.0 = Release|Any CPU
		{D663E607-6FF2-43AE-8468-DC852FAEF5B3}.Debug|Any CPU.ActiveCfg = Debug|Any CPU
		{D663E607-6FF2-43AE-8468-DC852FAEF5B3}.Debug|Any CPU.Build.0 = Debug|Any CPU
		{D663E607-6FF2-43AE-8468-DC852FAEF5B3}.Release|Any CPU.ActiveCfg = Release|Any CPU
		{D663E607-6FF2-43AE-8468-DC852FAEF5B3}.Release|Any CPU.Build.0 = Release|Any CPU
		{8F09C0ED-E1C4-4706-BD16-FC29F3BC60BE}.Debug|Any CPU.ActiveCfg = Debug|Any CPU
		{8F09C0ED-E1C4-4706-BD16-FC29F3BC60BE}.Debug|Any CPU.Build.0 = Debug|Any CPU
		{8F09C0ED-E1C4-4706-BD16-FC29F3BC60BE}.Release|Any CPU.ActiveCfg = Release|Any CPU
		{8F09C0ED-E1C4-4706-BD16-FC29F3BC60BE}.Release|Any CPU.Build.0 = Release|Any CPU
		{9426A8E4-B1E6-4F86-A959-4C84CBB9593B}.Debug|Any CPU.ActiveCfg = Debug|Any CPU
		{9426A8E4-B1E6-4F86-A959-4C84CBB9593B}.Debug|Any CPU.Build.0 = Debug|Any CPU
		{9426A8E4-B1E6-4F86-A959-4C84CBB9593B}.Release|Any CPU.ActiveCfg = Release|Any CPU
		{9426A8E4-B1E6-4F86-A959-4C84CBB9593B}.Release|Any CPU.Build.0 = Release|Any CPU
		{836FFF31-A5DE-4A2F-A3CE-67E73D5F39D0}.Debug|Any CPU.ActiveCfg = Debug|Any CPU
		{836FFF31-A5DE-4A2F-A3CE-67E73D5F39D0}.Debug|Any CPU.Build.0 = Debug|Any CPU
		{836FFF31-A5DE-4A2F-A3CE-67E73D5F39D0}.Release|Any CPU.ActiveCfg = Release|Any CPU
		{836FFF31-A5DE-4A2F-A3CE-67E73D5F39D0}.Release|Any CPU.Build.0 = Release|Any CPU
		{A739958F-19D5-4FE8-9E21-64BD601AECBB}.Debug|Any CPU.ActiveCfg = Debug|Any CPU
		{A739958F-19D5-4FE8-9E21-64BD601AECBB}.Debug|Any CPU.Build.0 = Debug|Any CPU
		{A739958F-19D5-4FE8-9E21-64BD601AECBB}.Release|Any CPU.ActiveCfg = Release|Any CPU
		{A739958F-19D5-4FE8-9E21-64BD601AECBB}.Release|Any CPU.Build.0 = Release|Any CPU
		{FD8AC04A-BC4D-4FE8-ABA8-95ADEF34D86D}.Debug|Any CPU.ActiveCfg = Debug|Any CPU
		{FD8AC04A-BC4D-4FE8-ABA8-95ADEF34D86D}.Debug|Any CPU.Build.0 = Debug|Any CPU
		{FD8AC04A-BC4D-4FE8-ABA8-95ADEF34D86D}.Release|Any CPU.ActiveCfg = Release|Any CPU
		{FD8AC04A-BC4D-4FE8-ABA8-95ADEF34D86D}.Release|Any CPU.Build.0 = Release|Any CPU
		{652C3AD2-9954-4759-90A1-59CDF14A6A6A}.Debug|Any CPU.ActiveCfg = Debug|Any CPU
		{652C3AD2-9954-4759-90A1-59CDF14A6A6A}.Debug|Any CPU.Build.0 = Debug|Any CPU
		{652C3AD2-9954-4759-90A1-59CDF14A6A6A}.Release|Any CPU.ActiveCfg = Release|Any CPU
		{652C3AD2-9954-4759-90A1-59CDF14A6A6A}.Release|Any CPU.Build.0 = Release|Any CPU
		{8C804AE0-B352-4CDB-8CFD-A642B7828BDE}.Debug|Any CPU.ActiveCfg = Debug|Any CPU
		{8C804AE0-B352-4CDB-8CFD-A642B7828BDE}.Debug|Any CPU.Build.0 = Debug|Any CPU
		{8C804AE0-B352-4CDB-8CFD-A642B7828BDE}.Release|Any CPU.ActiveCfg = Release|Any CPU
		{8C804AE0-B352-4CDB-8CFD-A642B7828BDE}.Release|Any CPU.Build.0 = Release|Any CPU
		{A6B96514-6804-4CB7-8DA5-3D238A2395CC}.Debug|Any CPU.ActiveCfg = Debug|Any CPU
		{A6B96514-6804-4CB7-8DA5-3D238A2395CC}.Debug|Any CPU.Build.0 = Debug|Any CPU
		{A6B96514-6804-4CB7-8DA5-3D238A2395CC}.Release|Any CPU.ActiveCfg = Release|Any CPU
		{A6B96514-6804-4CB7-8DA5-3D238A2395CC}.Release|Any CPU.Build.0 = Release|Any CPU
	EndGlobalSection
	GlobalSection(SolutionProperties) = preSolution
		HideSolutionNode = FALSE
	EndGlobalSection
	GlobalSection(ExtensibilityGlobals) = postSolution
		SolutionGuid = {A8877F67-DCC1-4287-969C-FC9134A0B468}
	EndGlobalSection
EndGlobal
